// !$*UTF8*$!
{
	archiveVersion = 1;
	classes = {
	};
	objectVersion = 55;
	objects = {

/* Begin PBXBuildFile section */
		2575603E2774B0DD00BE1E2A /* Bookworm1App.swift in Sources */ = {isa = PBXBuildFile; fileRef = 2575603D2774B0DD00BE1E2A /* Bookworm1App.swift */; };
		257560402774B0DD00BE1E2A /* ContentView.swift in Sources */ = {isa = PBXBuildFile; fileRef = 2575603F2774B0DD00BE1E2A /* ContentView.swift */; };
		257560422774B0DF00BE1E2A /* Assets.xcassets in Resources */ = {isa = PBXBuildFile; fileRef = 257560412774B0DF00BE1E2A /* Assets.xcassets */; };
		257560452774B0DF00BE1E2A /* Preview Assets.xcassets in Resources */ = {isa = PBXBuildFile; fileRef = 257560442774B0DF00BE1E2A /* Preview Assets.xcassets */; };
		2575604F2774B0E000BE1E2A /* Bookworm1Tests.swift in Sources */ = {isa = PBXBuildFile; fileRef = 2575604E2774B0E000BE1E2A /* Bookworm1Tests.swift */; };
		257560592774B0E000BE1E2A /* Bookworm1UITests.swift in Sources */ = {isa = PBXBuildFile; fileRef = 257560582774B0E000BE1E2A /* Bookworm1UITests.swift */; };
		2575605B2774B0E000BE1E2A /* Bookworm1UITestsLaunchTests.swift in Sources */ = {isa = PBXBuildFile; fileRef = 2575605A2774B0E000BE1E2A /* Bookworm1UITestsLaunchTests.swift */; };
		257560692774B0F900BE1E2A /* Bookworm.xcdatamodeld in Sources */ = {isa = PBXBuildFile; fileRef = 257560672774B0F900BE1E2A /* Bookworm.xcdatamodeld */; };
		2575606B2774B15600BE1E2A /* DataController.swift in Sources */ = {isa = PBXBuildFile; fileRef = 2575606A2774B15600BE1E2A /* DataController.swift */; };
/* End PBXBuildFile section */

/* Begin PBXContainerItemProxy section */
		2575604B2774B0E000BE1E2A /* PBXContainerItemProxy */ = {
			isa = PBXContainerItemProxy;
			containerPortal = 257560322774B0DD00BE1E2A /* Project object */;
			proxyType = 1;
			remoteGlobalIDString = 257560392774B0DD00BE1E2A;
			remoteInfo = Bookworm1;
		};
		257560552774B0E000BE1E2A /* PBXContainerItemProxy */ = {
			isa = PBXContainerItemProxy;
			containerPortal = 257560322774B0DD00BE1E2A /* Project object */;
			proxyType = 1;
			remoteGlobalIDString = 257560392774B0DD00BE1E2A;
			remoteInfo = Bookworm1;
		};
/* End PBXContainerItemProxy section */

/* Begin PBXFileReference section */
		2575603A2774B0DD00BE1E2A /* Bookworm1.app */ = {isa = PBXFileReference; explicitFileType = wrapper.application; includeInIndex = 0; path = Bookworm1.app; sourceTree = BUILT_PRODUCTS_DIR; };
		2575603D2774B0DD00BE1E2A /* Bookworm1App.swift */ = {isa = PBXFileReference; lastKnownFileType = sourcecode.swift; path = Bookworm1App.swift; sourceTree = "<group>"; };
		2575603F2774B0DD00BE1E2A /* ContentView.swift */ = {isa = PBXFileReference; lastKnownFileType = sourcecode.swift; path = ContentView.swift; sourceTree = "<group>"; };
		257560412774B0DF00BE1E2A /* Assets.xcassets */ = {isa = PBXFileReference; lastKnownFileType = folder.assetcatalog; path = Assets.xcassets; sourceTree = "<group>"; };
		257560442774B0DF00BE1E2A /* Preview Assets.xcassets */ = {isa = PBXFileReference; lastKnownFileType = folder.assetcatalog; path = "Preview Assets.xcassets"; sourceTree = "<group>"; };
		2575604A2774B0E000BE1E2A /* Bookworm1Tests.xctest */ = {isa = PBXFileReference; explicitFileType = wrapper.cfbundle; includeInIndex = 0; path = Bookworm1Tests.xctest; sourceTree = BUILT_PRODUCTS_DIR; };
		2575604E2774B0E000BE1E2A /* Bookworm1Tests.swift */ = {isa = PBXFileReference; lastKnownFileType = sourcecode.swift; path = Bookworm1Tests.swift; sourceTree = "<group>"; };
		257560542774B0E000BE1E2A /* Bookworm1UITests.xctest */ = {isa = PBXFileReference; explicitFileType = wrapper.cfbundle; includeInIndex = 0; path = Bookworm1UITests.xctest; sourceTree = BUILT_PRODUCTS_DIR; };
		257560582774B0E000BE1E2A /* Bookworm1UITests.swift */ = {isa = PBXFileReference; lastKnownFileType = sourcecode.swift; path = Bookworm1UITests.swift; sourceTree = "<group>"; };
		2575605A2774B0E000BE1E2A /* Bookworm1UITestsLaunchTests.swift */ = {isa = PBXFileReference; lastKnownFileType = sourcecode.swift; path = Bookworm1UITestsLaunchTests.swift; sourceTree = "<group>"; };
		257560682774B0F900BE1E2A /* Bookworm.xcdatamodel */ = {isa = PBXFileReference; lastKnownFileType = wrapper.xcdatamodel; path = Bookworm.xcdatamodel; sourceTree = "<group>"; };
		2575606A2774B15600BE1E2A /* DataController.swift */ = {isa = PBXFileReference; lastKnownFileType = sourcecode.swift; path = DataController.swift; sourceTree = "<group>"; };
/* End PBXFileReference section */

/* Begin PBXFrameworksBuildPhase section */
		257560372774B0DD00BE1E2A /* Frameworks */ = {
			isa = PBXFrameworksBuildPhase;
			buildActionMask = 2147483647;
			files = (
			);
			runOnlyForDeploymentPostprocessing = 0;
		};
		257560472774B0E000BE1E2A /* Frameworks */ = {
			isa = PBXFrameworksBuildPhase;
			buildActionMask = 2147483647;
			files = (
			);
			runOnlyForDeploymentPostprocessing = 0;
		};
		257560512774B0E000BE1E2A /* Frameworks */ = {
			isa = PBXFrameworksBuildPhase;
			buildActionMask = 2147483647;
			files = (
			);
			runOnlyForDeploymentPostprocessing = 0;
		};
/* End PBXFrameworksBuildPhase section */

/* Begin PBXGroup section */
		257560312774B0DD00BE1E2A = {
			isa = PBXGroup;
			children = (
				2575603C2774B0DD00BE1E2A /* Bookworm1 */,
				2575604D2774B0E000BE1E2A /* Bookworm1Tests */,
				257560572774B0E000BE1E2A /* Bookworm1UITests */,
				2575603B2774B0DD00BE1E2A /* Products */,
			);
			sourceTree = "<group>";
		};
		2575603B2774B0DD00BE1E2A /* Products */ = {
			isa = PBXGroup;
			children = (
				2575603A2774B0DD00BE1E2A /* Bookworm1.app */,
				2575604A2774B0E000BE1E2A /* Bookworm1Tests.xctest */,
				257560542774B0E000BE1E2A /* Bookworm1UITests.xctest */,
			);
			name = Products;
			sourceTree = "<group>";
		};
		2575603C2774B0DD00BE1E2A /* Bookworm1 */ = {
			isa = PBXGroup;
			children = (
				2575603D2774B0DD00BE1E2A /* Bookworm1App.swift */,
				2575603F2774B0DD00BE1E2A /* ContentView.swift */,
				257560412774B0DF00BE1E2A /* Assets.xcassets */,
				257560432774B0DF00BE1E2A /* Preview Content */,
				257560672774B0F900BE1E2A /* Bookworm.xcdatamodeld */,
				2575606A2774B15600BE1E2A /* DataController.swift */,
			);
			path = Bookworm1;
			sourceTree = "<group>";
		};
		257560432774B0DF00BE1E2A /* Preview Content */ = {
			isa = PBXGroup;
			children = (
				257560442774B0DF00BE1E2A /* Preview Assets.xcassets */,
			);
			path = "Preview Content";
			sourceTree = "<group>";
		};
		2575604D2774B0E000BE1E2A /* Bookworm1Tests */ = {
			isa = PBXGroup;
			children = (
				2575604E2774B0E000BE1E2A /* Bookworm1Tests.swift */,
			);
			path = Bookworm1Tests;
			sourceTree = "<group>";
		};
		257560572774B0E000BE1E2A /* Bookworm1UITests */ = {
			isa = PBXGroup;
			children = (
				257560582774B0E000BE1E2A /* Bookworm1UITests.swift */,
				2575605A2774B0E000BE1E2A /* Bookworm1UITestsLaunchTests.swift */,
			);
			path = Bookworm1UITests;
			sourceTree = "<group>";
		};
/* End PBXGroup section */

/* Begin PBXNativeTarget section */
		257560392774B0DD00BE1E2A /* Bookworm1 */ = {
			isa = PBXNativeTarget;
			buildConfigurationList = 2575605E2774B0E000BE1E2A /* Build configuration list for PBXNativeTarget "Bookworm1" */;
			buildPhases = (
				257560362774B0DD00BE1E2A /* Sources */,
				257560372774B0DD00BE1E2A /* Frameworks */,
				257560382774B0DD00BE1E2A /* Resources */,
			);
			buildRules = (
			);
			dependencies = (
			);
			name = Bookworm1;
			productName = Bookworm1;
			productReference = 2575603A2774B0DD00BE1E2A /* Bookworm1.app */;
			productType = "com.apple.product-type.application";
		};
		257560492774B0E000BE1E2A /* Bookworm1Tests */ = {
			isa = PBXNativeTarget;
			buildConfigurationList = 257560612774B0E000BE1E2A /* Build configuration list for PBXNativeTarget "Bookworm1Tests" */;
			buildPhases = (
				257560462774B0E000BE1E2A /* Sources */,
				257560472774B0E000BE1E2A /* Frameworks */,
				257560482774B0E000BE1E2A /* Resources */,
			);
			buildRules = (
			);
			dependencies = (
				2575604C2774B0E000BE1E2A /* PBXTargetDependency */,
			);
			name = Bookworm1Tests;
			productName = Bookworm1Tests;
			productReference = 2575604A2774B0E000BE1E2A /* Bookworm1Tests.xctest */;
			productType = "com.apple.product-type.bundle.unit-test";
		};
		257560532774B0E000BE1E2A /* Bookworm1UITests */ = {
			isa = PBXNativeTarget;
			buildConfigurationList = 257560642774B0E000BE1E2A /* Build configuration list for PBXNativeTarget "Bookworm1UITests" */;
			buildPhases = (
				257560502774B0E000BE1E2A /* Sources */,
				257560512774B0E000BE1E2A /* Frameworks */,
				257560522774B0E000BE1E2A /* Resources */,
			);
			buildRules = (
			);
			dependencies = (
				257560562774B0E000BE1E2A /* PBXTargetDependency */,
			);
			name = Bookworm1UITests;
			productName = Bookworm1UITests;
			productReference = 257560542774B0E000BE1E2A /* Bookworm1UITests.xctest */;
			productType = "com.apple.product-type.bundle.ui-testing";
		};
/* End PBXNativeTarget section */

/* Begin PBXProject section */
		257560322774B0DD00BE1E2A /* Project object */ = {
			isa = PBXProject;
			attributes = {
				BuildIndependentTargetsInParallel = 1;
				LastSwiftUpdateCheck = 1310;
				LastUpgradeCheck = 1310;
				TargetAttributes = {
					257560392774B0DD00BE1E2A = {
						CreatedOnToolsVersion = 13.1;
					};
					257560492774B0E000BE1E2A = {
						CreatedOnToolsVersion = 13.1;
						TestTargetID = 257560392774B0DD00BE1E2A;
					};
					257560532774B0E000BE1E2A = {
						CreatedOnToolsVersion = 13.1;
						TestTargetID = 257560392774B0DD00BE1E2A;
					};
				};
			};
			buildConfigurationList = 257560352774B0DD00BE1E2A /* Build configuration list for PBXProject "Bookworm1" */;
			compatibilityVersion = "Xcode 13.0";
			developmentRegion = en;
			hasScannedForEncodings = 0;
			knownRegions = (
				en,
				Base,
			);
			mainGroup = 257560312774B0DD00BE1E2A;
			productRefGroup = 2575603B2774B0DD00BE1E2A /* Products */;
			projectDirPath = "";
			projectRoot = "";
			targets = (
				257560392774B0DD00BE1E2A /* Bookworm1 */,
				257560492774B0E000BE1E2A /* Bookworm1Tests */,
				257560532774B0E000BE1E2A /* Bookworm1UITests */,
			);
		};
/* End PBXProject section */

/* Begin PBXResourcesBuildPhase section */
		257560382774B0DD00BE1E2A /* Resources */ = {
			isa = PBXResourcesBuildPhase;
			buildActionMask = 2147483647;
			files = (
				257560452774B0DF00BE1E2A /* Preview Assets.xcassets in Resources */,
				257560422774B0DF00BE1E2A /* Assets.xcassets in Resources */,
			);
			runOnlyForDeploymentPostprocessing = 0;
		};
		257560482774B0E000BE1E2A /* Resources */ = {
			isa = PBXResourcesBuildPhase;
			buildActionMask = 2147483647;
			files = (
			);
			runOnlyForDeploymentPostprocessing = 0;
		};
		257560522774B0E000BE1E2A /* Resources */ = {
			isa = PBXResourcesBuildPhase;
			buildActionMask = 2147483647;
			files = (
			);
			runOnlyForDeploymentPostprocessing = 0;
		};
/* End PBXResourcesBuildPhase section */

/* Begin PBXSourcesBuildPhase section */
		257560362774B0DD00BE1E2A /* Sources */ = {
			isa = PBXSourcesBuildPhase;
			buildActionMask = 2147483647;
			files = (
				257560402774B0DD00BE1E2A /* ContentView.swift in Sources */,
				2575606B2774B15600BE1E2A /* DataController.swift in Sources */,
				257560692774B0F900BE1E2A /* Bookworm.xcdatamodeld in Sources */,
				2575603E2774B0DD00BE1E2A /* Bookworm1App.swift in Sources */,
			);
			runOnlyForDeploymentPostprocessing = 0;
		};
		257560462774B0E000BE1E2A /* Sources */ = {
			isa = PBXSourcesBuildPhase;
			buildActionMask = 2147483647;
			files = (
				2575604F2774B0E000BE1E2A /* Bookworm1Tests.swift in Sources */,
			);
			runOnlyForDeploymentPostprocessing = 0;
		};
		257560502774B0E000BE1E2A /* Sources */ = {
			isa = PBXSourcesBuildPhase;
			buildActionMask = 2147483647;
			files = (
				2575605B2774B0E000BE1E2A /* Bookworm1UITestsLaunchTests.swift in Sources */,
				257560592774B0E000BE1E2A /* Bookworm1UITests.swift in Sources */,
			);
			runOnlyForDeploymentPostprocessing = 0;
		};
/* End PBXSourcesBuildPhase section */

/* Begin PBXTargetDependency section */
		2575604C2774B0E000BE1E2A /* PBXTargetDependency */ = {
			isa = PBXTargetDependency;
			target = 257560392774B0DD00BE1E2A /* Bookworm1 */;
			targetProxy = 2575604B2774B0E000BE1E2A /* PBXContainerItemProxy */;
		};
		257560562774B0E000BE1E2A /* PBXTargetDependency */ = {
			isa = PBXTargetDependency;
			target = 257560392774B0DD00BE1E2A /* Bookworm1 */;
			targetProxy = 257560552774B0E000BE1E2A /* PBXContainerItemProxy */;
		};
/* End PBXTargetDependency section */

/* Begin XCBuildConfiguration section */
		2575605C2774B0E000BE1E2A /* Debug */ = {
			isa = XCBuildConfiguration;
			buildSettings = {
				ALWAYS_SEARCH_USER_PATHS = NO;
				CLANG_ANALYZER_NONNULL = YES;
				CLANG_ANALYZER_NUMBER_OBJECT_CONVERSION = YES_AGGRESSIVE;
				CLANG_CXX_LANGUAGE_STANDARD = "gnu++17";
				CLANG_CXX_LIBRARY = "libc++";
				CLANG_ENABLE_MODULES = YES;
				CLANG_ENABLE_OBJC_ARC = YES;
				CLANG_ENABLE_OBJC_WEAK = YES;
				CLANG_WARN_BLOCK_CAPTURE_AUTORELEASING = YES;
				CLANG_WARN_BOOL_CONVERSION = YES;
				CLANG_WARN_COMMA = YES;
				CLANG_WARN_CONSTANT_CONVERSION = YES;
				CLANG_WARN_DEPRECATED_OBJC_IMPLEMENTATIONS = YES;
				CLANG_WARN_DIRECT_OBJC_ISA_USAGE = YES_ERROR;
				CLANG_WARN_DOCUMENTATION_COMMENTS = YES;
				CLANG_WARN_EMPTY_BODY = YES;
				CLANG_WARN_ENUM_CONVERSION = YES;
				CLANG_WARN_INFINITE_RECURSION = YES;
				CLANG_WARN_INT_CONVERSION = YES;
				CLANG_WARN_NON_LITERAL_NULL_CONVERSION = YES;
				CLANG_WARN_OBJC_IMPLICIT_RETAIN_SELF = YES;
				CLANG_WARN_OBJC_LITERAL_CONVERSION = YES;
				CLANG_WARN_OBJC_ROOT_CLASS = YES_ERROR;
				CLANG_WARN_QUOTED_INCLUDE_IN_FRAMEWORK_HEADER = YES;
				CLANG_WARN_RANGE_LOOP_ANALYSIS = YES;
				CLANG_WARN_STRICT_PROTOTYPES = YES;
				CLANG_WARN_SUSPICIOUS_MOVE = YES;
				CLANG_WARN_UNGUARDED_AVAILABILITY = YES_AGGRESSIVE;
				CLANG_WARN_UNREACHABLE_CODE = YES;
				CLANG_WARN__DUPLICATE_METHOD_MATCH = YES;
				COPY_PHASE_STRIP = NO;
				DEBUG_INFORMATION_FORMAT = dwarf;
				ENABLE_STRICT_OBJC_MSGSEND = YES;
				ENABLE_TESTABILITY = YES;
				GCC_C_LANGUAGE_STANDARD = gnu11;
				GCC_DYNAMIC_NO_PIC = NO;
				GCC_NO_COMMON_BLOCKS = YES;
				GCC_OPTIMIZATION_LEVEL = 0;
				GCC_PREPROCESSOR_DEFINITIONS = (
					"DEBUG=1",
					"$(inherited)",
				);
				GCC_WARN_64_TO_32_BIT_CONVERSION = YES;
				GCC_WARN_ABOUT_RETURN_TYPE = YES_ERROR;
				GCC_WARN_UNDECLARED_SELECTOR = YES;
				GCC_WARN_UNINITIALIZED_AUTOS = YES_AGGRESSIVE;
				GCC_WARN_UNUSED_FUNCTION = YES;
				GCC_WARN_UNUSED_VARIABLE = YES;
				IPHONEOS_DEPLOYMENT_TARGET = 15.0;
				MTL_ENABLE_DEBUG_INFO = INCLUDE_SOURCE;
				MTL_FAST_MATH = YES;
				ONLY_ACTIVE_ARCH = YES;
				SDKROOT = iphoneos;
				SWIFT_ACTIVE_COMPILATION_CONDITIONS = DEBUG;
				SWIFT_OPTIMIZATION_LEVEL = "-Onone";
			};
			name = Debug;
		};
		2575605D2774B0E000BE1E2A /* Release */ = {
			isa = XCBuildConfiguration;
			buildSettings = {
				ALWAYS_SEARCH_USER_PATHS = NO;
				CLANG_ANALYZER_NONNULL = YES;
				CLANG_ANALYZER_NUMBER_OBJECT_CONVERSION = YES_AGGRESSIVE;
				CLANG_CXX_LANGUAGE_STANDARD = "gnu++17";
				CLANG_CXX_LIBRARY = "libc++";
				CLANG_ENABLE_MODULES = YES;
				CLANG_ENABLE_OBJC_ARC = YES;
				CLANG_ENABLE_OBJC_WEAK = YES;
				CLANG_WARN_BLOCK_CAPTURE_AUTORELEASING = YES;
				CLANG_WARN_BOOL_CONVERSION = YES;
				CLANG_WARN_COMMA = YES;
				CLANG_WARN_CONSTANT_CONVERSION = YES;
				CLANG_WARN_DEPRECATED_OBJC_IMPLEMENTATIONS = YES;
				CLANG_WARN_DIRECT_OBJC_ISA_USAGE = YES_ERROR;
				CLANG_WARN_DOCUMENTATION_COMMENTS = YES;
				CLANG_WARN_EMPTY_BODY = YES;
				CLANG_WARN_ENUM_CONVERSION = YES;
				CLANG_WARN_INFINITE_RECURSION = YES;
				CLANG_WARN_INT_CONVERSION = YES;
				CLANG_WARN_NON_LITERAL_NULL_CONVERSION = YES;
				CLANG_WARN_OBJC_IMPLICIT_RETAIN_SELF = YES;
				CLANG_WARN_OBJC_LITERAL_CONVERSION = YES;
				CLANG_WARN_OBJC_ROOT_CLASS = YES_ERROR;
				CLANG_WARN_QUOTED_INCLUDE_IN_FRAMEWORK_HEADER = YES;
				CLANG_WARN_RANGE_LOOP_ANALYSIS = YES;
				CLANG_WARN_STRICT_PROTOTYPES = YES;
				CLANG_WARN_SUSPICIOUS_MOVE = YES;
				CLANG_WARN_UNGUARDED_AVAILABILITY = YES_AGGRESSIVE;
				CLANG_WARN_UNREACHABLE_CODE = YES;
				CLANG_WARN__DUPLICATE_METHOD_MATCH = YES;
				COPY_PHASE_STRIP = NO;
				DEBUG_INFORMATION_FORMAT = "dwarf-with-dsym";
				ENABLE_NS_ASSERTIONS = NO;
				ENABLE_STRICT_OBJC_MSGSEND = YES;
				GCC_C_LANGUAGE_STANDARD = gnu11;
				GCC_NO_COMMON_BLOCKS = YES;
				GCC_WARN_64_TO_32_BIT_CONVERSION = YES;
				GCC_WARN_ABOUT_RETURN_TYPE = YES_ERROR;
				GCC_WARN_UNDECLARED_SELECTOR = YES;
				GCC_WARN_UNINITIALIZED_AUTOS = YES_AGGRESSIVE;
				GCC_WARN_UNUSED_FUNCTION = YES;
				GCC_WARN_UNUSED_VARIABLE = YES;
				IPHONEOS_DEPLOYMENT_TARGET = 15.0;
				MTL_ENABLE_DEBUG_INFO = NO;
				MTL_FAST_MATH = YES;
				SDKROOT = iphoneos;
				SWIFT_COMPILATION_MODE = wholemodule;
				SWIFT_OPTIMIZATION_LEVEL = "-O";
				VALIDATE_PRODUCT = YES;
			};
			name = Release;
		};
		2575605F2774B0E000BE1E2A /* Debug */ = {
			isa = XCBuildConfiguration;
			buildSettings = {
				ASSETCATALOG_COMPILER_APPICON_NAME = AppIcon;
				ASSETCATALOG_COMPILER_GLOBAL_ACCENT_COLOR_NAME = AccentColor;
				CODE_SIGN_STYLE = Automatic;
				CURRENT_PROJECT_VERSION = 1;
				DEVELOPMENT_ASSET_PATHS = "\"Bookworm1/Preview Content\"";
				ENABLE_PREVIEWS = YES;
				GENERATE_INFOPLIST_FILE = YES;
				INFOPLIST_KEY_UIApplicationSceneManifest_Generation = YES;
				INFOPLIST_KEY_UIApplicationSupportsIndirectInputEvents = YES;
				INFOPLIST_KEY_UILaunchScreen_Generation = YES;
				INFOPLIST_KEY_UISupportedInterfaceOrientations_iPad = "UIInterfaceOrientationPortrait UIInterfaceOrientationPortraitUpsideDown UIInterfaceOrientationLandscapeLeft UIInterfaceOrientationLandscapeRight";
				INFOPLIST_KEY_UISupportedInterfaceOrientations_iPhone = "UIInterfaceOrientationPortrait UIInterfaceOrientationLandscapeLeft UIInterfaceOrientationLandscapeRight";
				LD_RUNPATH_SEARCH_PATHS = (
					"$(inherited)",
					"@executable_path/Frameworks",
				);
				MARKETING_VERSION = 1.0;
				PRODUCT_BUNDLE_IDENTIFIER = com.jichao.Bookworm1;
				PRODUCT_NAME = "$(TARGET_NAME)";
				SWIFT_EMIT_LOC_STRINGS = YES;
				SWIFT_VERSION = 5.0;
				TARGETED_DEVICE_FAMILY = "1,2";
			};
			name = Debug;
		};
		257560602774B0E000BE1E2A /* Release */ = {
			isa = XCBuildConfiguration;
			buildSettings = {
				ASSETCATALOG_COMPILER_APPICON_NAME = AppIcon;
				ASSETCATALOG_COMPILER_GLOBAL_ACCENT_COLOR_NAME = AccentColor;
				CODE_SIGN_STYLE = Automatic;
				CURRENT_PROJECT_VERSION = 1;
				DEVELOPMENT_ASSET_PATHS = "\"Bookworm1/Preview Content\"";
				ENABLE_PREVIEWS = YES;
				GENERATE_INFOPLIST_FILE = YES;
				INFOPLIST_KEY_UIApplicationSceneManifest_Generation = YES;
				INFOPLIST_KEY_UIApplicationSupportsIndirectInputEvents = YES;
				INFOPLIST_KEY_UILaunchScreen_Generation = YES;
				INFOPLIST_KEY_UISupportedInterfaceOrientations_iPad = "UIInterfaceOrientationPortrait UIInterfaceOrientationPortraitUpsideDown UIInterfaceOrientationLandscapeLeft UIInterfaceOrientationLandscapeRight";
				INFOPLIST_KEY_UISupportedInterfaceOrientations_iPhone = "UIInterfaceOrientationPortrait UIInterfaceOrientationLandscapeLeft UIInterfaceOrientationLandscapeRight";
				LD_RUNPATH_SEARCH_PATHS = (
					"$(inherited)",
					"@executable_path/Frameworks",
				);
				MARKETING_VERSION = 1.0;
				PRODUCT_BUNDLE_IDENTIFIER = com.jichao.Bookworm1;
				PRODUCT_NAME = "$(TARGET_NAME)";
				SWIFT_EMIT_LOC_STRINGS = YES;
				SWIFT_VERSION = 5.0;
				TARGETED_DEVICE_FAMILY = "1,2";
			};
			name = Release;
		};
		257560622774B0E000BE1E2A /* Debug */ = {
			isa = XCBuildConfiguration;
			buildSettings = {
				ALWAYS_EMBED_SWIFT_STANDARD_LIBRARIES = YES;
				BUNDLE_LOADER = "$(TEST_HOST)";
				CODE_SIGN_STYLE = Automatic;
				CURRENT_PROJECT_VERSION = 1;
				GENERATE_INFOPLIST_FILE = YES;
				IPHONEOS_DEPLOYMENT_TARGET = 15.0;
				LD_RUNPATH_SEARCH_PATHS = (
					"$(inherited)",
					"@executable_path/Frameworks",
					"@loader_path/Frameworks",
				);
				MARKETING_VERSION = 1.0;
				PRODUCT_BUNDLE_IDENTIFIER = com.jichao.Bookworm1Tests;
				PRODUCT_NAME = "$(TARGET_NAME)";
				SWIFT_EMIT_LOC_STRINGS = NO;
				SWIFT_VERSION = 5.0;
				TARGETED_DEVICE_FAMILY = "1,2";
				TEST_HOST = "$(BUILT_PRODUCTS_DIR)/Bookworm1.app/Bookworm1";
			};
			name = Debug;
		};
		257560632774B0E000BE1E2A /* Release */ = {
			isa = XCBuildConfiguration;
			buildSettings = {
				ALWAYS_EMBED_SWIFT_STANDARD_LIBRARIES = YES;
				BUNDLE_LOADER = "$(TEST_HOST)";
				CODE_SIGN_STYLE = Automatic;
				CURRENT_PROJECT_VERSION = 1;
				GENERATE_INFOPLIST_FILE = YES;
				IPHONEOS_DEPLOYMENT_TARGET = 15.0;
				LD_RUNPATH_SEARCH_PATHS = (
					"$(inherited)",
					"@executable_path/Frameworks",
					"@loader_path/Frameworks",
				);
				MARKETING_VERSION = 1.0;
				PRODUCT_BUNDLE_IDENTIFIER = com.jichao.Bookworm1Tests;
				PRODUCT_NAME = "$(TARGET_NAME)";
				SWIFT_EMIT_LOC_STRINGS = NO;
				SWIFT_VERSION = 5.0;
				TARGETED_DEVICE_FAMILY = "1,2";
				TEST_HOST = "$(BUILT_PRODUCTS_DIR)/Bookworm1.app/Bookworm1";
			};
			name = Release;
		};
		257560652774B0E000BE1E2A /* Debug */ = {
			isa = XCBuildConfiguration;
			buildSettings = {
				ALWAYS_EMBED_SWIFT_STANDARD_LIBRARIES = YES;
				CODE_SIGN_STYLE = Automatic;
				CURRENT_PROJECT_VERSION = 1;
				GENERATE_INFOPLIST_FILE = YES;
				LD_RUNPATH_SEARCH_PATHS = (
					"$(inherited)",
					"@executable_path/Frameworks",
					"@loader_path/Frameworks",
				);
				MARKETING_VERSION = 1.0;
				PRODUCT_BUNDLE_IDENTIFIER = com.jichao.Bookworm1UITests;
				PRODUCT_NAME = "$(TARGET_NAME)";
				SWIFT_EMIT_LOC_STRINGS = NO;
				SWIFT_VERSION = 5.0;
				TARGETED_DEVICE_FAMILY = "1,2";
				TEST_TARGET_NAME = Bookworm1;
			};
			name = Debug;
		};
		257560662774B0E000BE1E2A /* Release */ = {
			isa = XCBuildConfiguration;
			buildSettings = {
				ALWAYS_EMBED_SWIFT_STANDARD_LIBRARIES = YES;
				CODE_SIGN_STYLE = Automatic;
				CURRENT_PROJECT_VERSION = 1;
				GENERATE_INFOPLIST_FILE = YES;
				LD_RUNPATH_SEARCH_PATHS = (
					"$(inherited)",
					"@executable_path/Frameworks",
					"@loader_path/Frameworks",
				);
				MARKETING_VERSION = 1.0;
				PRODUCT_BUNDLE_IDENTIFIER = com.jichao.Bookworm1UITests;
				PRODUCT_NAME = "$(TARGET_NAME)";
				SWIFT_EMIT_LOC_STRINGS = NO;
				SWIFT_VERSION = 5.0;
				TARGETED_DEVICE_FAMILY = "1,2";
				TEST_TARGET_NAME = Bookworm1;
			};
			name = Release;
		};
/* End XCBuildConfiguration section */

/* Begin XCConfigurationList section */
		257560352774B0DD00BE1E2A /* Build configuration list for PBXProject "Bookworm1" */ = {
			isa = XCConfigurationList;
			buildConfigurations = (
				2575605C2774B0E000BE1E2A /* Debug */,
				2575605D2774B0E000BE1E2A /* Release */,
			);
			defaultConfigurationIsVisible = 0;
			defaultConfigurationName = Release;
		};
		2575605E2774B0E000BE1E2A /* Build configuration list for PBXNativeTarget "Bookworm1" */ = {
			isa = XCConfigurationList;
			buildConfigurations = (
				2575605F2774B0E000BE1E2A /* Debug */,
				257560602774B0E000BE1E2A /* Release */,
			);
			defaultConfigurationIsVisible = 0;
			defaultConfigurationName = Release;
		};
		257560612774B0E000BE1E2A /* Build configuration list for PBXNativeTarget "Bookworm1Tests" */ = {
			isa = XCConfigurationList;
			buildConfigurations = (
				257560622774B0E000BE1E2A /* Debug */,
				257560632774B0E000BE1E2A /* Release */,
			);
			defaultConfigurationIsVisible = 0;
			defaultConfigurationName = Release;
		};
		257560642774B0E000BE1E2A /* Build configuration list for PBXNativeTarget "Bookworm1UITests" */ = {
			isa = XCConfigurationList;
			buildConfigurations = (
				257560652774B0E000BE1E2A /* Debug */,
				257560662774B0E000BE1E2A /* Release */,
			);
			defaultConfigurationIsVisible = 0;
			defaultConfigurationName = Release;
		};
/* End XCConfigurationList section */

/* Begin XCVersionGroup section */
		257560672774B0F900BE1E2A /* Bookworm.xcdatamodeld */ = {
			isa = XCVersionGroup;
			children = (
				257560682774B0F900BE1E2A /* Bookworm.xcdatamodel */,
			);
			currentVersion = 257560682774B0F900BE1E2A /* Bookworm.xcdatamodel */;
			path = Bookworm.xcdatamodeld;
			sourceTree = "<group>";
			versionGroupType = wrapper.xcdatamodel;
		};
/* End XCVersionGroup section */
	};
	rootObject = 257560322774B0DD00BE1E2A /* Project object */;
}
